{
  "name": "react-js-themes-basics",
  "lockfileVersion": 3,
  "requires": true,
  "packages": {
    "": {
      "devDependencies": {
        "@types/lodash.memoize": "^4.1.9"
      }
    },
    "node_modules/@types/lodash": {
      "version": "4.17.5",
      "resolved": "https://registry.npmjs.org/@types/lodash/-/lodash-4.17.5.tgz",
      "integrity": "sha512-MBIOHVZqVqgfro1euRDWX7OO0fBVUUMrN6Pwm8LQsz8cWhEpihlvR70ENj3f40j58TNxZaWv2ndSkInykNBBJw==",
      "dev": true
    },
    "node_modules/@types/lodash.memoize": {
      "version": "4.1.9",
      "resolved": "https://registry.npmjs.org/@types/lodash.memoize/-/lodash.memoize-4.1.9.tgz",
      "integrity": "sha512-glY1nQuoqX4Ft8Uk+KfJudOD7DQbbEDF6k9XpGncaohW3RW4eSWBlx6AA0fZCrh40tZcQNH4jS/Oc59J6Eq+aw==",
      "dev": true,
      "dependencies": {
        "@types/lodash": "*"
      }
    }
  }
}
